
Microsoft Visual Studio Solution File, Format Version 12.00
# Visual Studio Version 17
VisualStudioVersion = 17.11.35222.181
MinimumVisualStudioVersion = 10.0.40219.1
Project("{2150E333-8FDC-42A3-9474-1A3956D46DE8}") = "Apresentacao", "Apresentacao", "{465A8D4F-FDBE-4DAF-94BC-01387681F89E}"
EndProject
Project("{2150E333-8FDC-42A3-9474-1A3956D46DE8}") = "Aplicacao", "Aplicacao", "{61F50F98-B324-4C7B-939E-4BFCEF2ED7EB}"
EndProject
Project("{2150E333-8FDC-42A3-9474-1A3956D46DE8}") = "Dominio", "Dominio", "{6554BC45-17FE-4AD3-B32C-3A268BA1871B}"
EndProject
Project("{2150E333-8FDC-42A3-9474-1A3956D46DE8}") = "Infraestrutura", "Infraestrutura", "{6D8C23E8-4D13-46FB-A16A-B5AF7F12DD88}"
EndProject
Project("{9A19103F-16F7-4668-BE54-9A1E7A4F7556}") = "Infrastucture", "Infrastucture\Infrastucture.csproj", "{654C8E16-E241-4454-8E60-C08211AFC511}"
EndProject
Project("{9A19103F-16F7-4668-BE54-9A1E7A4F7556}") = "Dominio", "Domain\Dominio.csproj", "{FF7EA953-54C7-4065-AD70-C351308C4395}"
EndProject
Project("{9A19103F-16F7-4668-BE54-9A1E7A4F7556}") = "Aplicacao", "AplicationApp\Aplicacao.csproj", "{0F34ECFD-38EF-4117-943C-B26BE9569C4F}"
EndProject
Project("{9A19103F-16F7-4668-BE54-9A1E7A4F7556}") = "PetDelivery.API", "Apresentacao\PetDelivery.API.csproj", "{14D2E7E3-1B6F-4269-B94A-8FBBEA60E72C}"
EndProject
Project("{2150E333-8FDC-42A3-9474-1A3956D46DE8}") = "Shared", "Shared", "{4591A326-3B52-4EE8-A069-15FDB4582FF8}"
EndProject
Project("{FAE04EC0-301F-11D3-BF4B-00C04F79EFBC}") = "PetDelivery.Exceptions", "PetDelivery.Exceptions\PetDelivery.Exceptions.csproj", "{B31EB2EF-98CA-4476-BFB8-009BEA81E851}"
EndProject
Project("{FAE04EC0-301F-11D3-BF4B-00C04F79EFBC}") = "PetDelivery.Communication", "PetDelivery.Communication\PetDelivery.Communication.csproj", "{13261882-37F2-414A-AF1F-F00400AA3EB5}"
EndProject
Global
	GlobalSection(SolutionConfigurationPlatforms) = preSolution
		Debug|Any CPU = Debug|Any CPU
		Release|Any CPU = Release|Any CPU
	EndGlobalSection
	GlobalSection(ProjectConfigurationPlatforms) = postSolution
		{654C8E16-E241-4454-8E60-C08211AFC511}.Debug|Any CPU.ActiveCfg = Debug|Any CPU
		{654C8E16-E241-4454-8E60-C08211AFC511}.Debug|Any CPU.Build.0 = Debug|Any CPU
		{654C8E16-E241-4454-8E60-C08211AFC511}.Release|Any CPU.ActiveCfg = Release|Any CPU
		{654C8E16-E241-4454-8E60-C08211AFC511}.Release|Any CPU.Build.0 = Release|Any CPU
		{FF7EA953-54C7-4065-AD70-C351308C4395}.Debug|Any CPU.ActiveCfg = Debug|Any CPU
		{FF7EA953-54C7-4065-AD70-C351308C4395}.Debug|Any CPU.Build.0 = Debug|Any CPU
		{FF7EA953-54C7-4065-AD70-C351308C4395}.Release|Any CPU.ActiveCfg = Release|Any CPU
		{FF7EA953-54C7-4065-AD70-C351308C4395}.Release|Any CPU.Build.0 = Release|Any CPU
		{0F34ECFD-38EF-4117-943C-B26BE9569C4F}.Debug|Any CPU.ActiveCfg = Debug|Any CPU
		{0F34ECFD-38EF-4117-943C-B26BE9569C4F}.Debug|Any CPU.Build.0 = Debug|Any CPU
		{0F34ECFD-38EF-4117-943C-B26BE9569C4F}.Release|Any CPU.ActiveCfg = Release|Any CPU
		{0F34ECFD-38EF-4117-943C-B26BE9569C4F}.Release|Any CPU.Build.0 = Release|Any CPU
		{14D2E7E3-1B6F-4269-B94A-8FBBEA60E72C}.Debug|Any CPU.ActiveCfg = Debug|Any CPU
		{14D2E7E3-1B6F-4269-B94A-8FBBEA60E72C}.Debug|Any CPU.Build.0 = Debug|Any CPU
		{14D2E7E3-1B6F-4269-B94A-8FBBEA60E72C}.Release|Any CPU.ActiveCfg = Release|Any CPU
		{14D2E7E3-1B6F-4269-B94A-8FBBEA60E72C}.Release|Any CPU.Build.0 = Release|Any CPU
		{B31EB2EF-98CA-4476-BFB8-009BEA81E851}.Debug|Any CPU.ActiveCfg = Debug|Any CPU
		{B31EB2EF-98CA-4476-BFB8-009BEA81E851}.Debug|Any CPU.Build.0 = Debug|Any CPU
		{B31EB2EF-98CA-4476-BFB8-009BEA81E851}.Release|Any CPU.ActiveCfg = Release|Any CPU
		{B31EB2EF-98CA-4476-BFB8-009BEA81E851}.Release|Any CPU.Build.0 = Release|Any CPU
		{13261882-37F2-414A-AF1F-F00400AA3EB5}.Debug|Any CPU.ActiveCfg = Debug|Any CPU
		{13261882-37F2-414A-AF1F-F00400AA3EB5}.Debug|Any CPU.Build.0 = Debug|Any CPU
		{13261882-37F2-414A-AF1F-F00400AA3EB5}.Release|Any CPU.ActiveCfg = Release|Any CPU
		{13261882-37F2-414A-AF1F-F00400AA3EB5}.Release|Any CPU.Build.0 = Release|Any CPU
	EndGlobalSection
	GlobalSection(SolutionProperties) = preSolution
		HideSolutionNode = FALSE
	EndGlobalSection
	GlobalSection(NestedProjects) = preSolution
		{654C8E16-E241-4454-8E60-C08211AFC511} = {6D8C23E8-4D13-46FB-A16A-B5AF7F12DD88}
		{FF7EA953-54C7-4065-AD70-C351308C4395} = {6554BC45-17FE-4AD3-B32C-3A268BA1871B}
		{0F34ECFD-38EF-4117-943C-B26BE9569C4F} = {61F50F98-B324-4C7B-939E-4BFCEF2ED7EB}
		{14D2E7E3-1B6F-4269-B94A-8FBBEA60E72C} = {465A8D4F-FDBE-4DAF-94BC-01387681F89E}
		{B31EB2EF-98CA-4476-BFB8-009BEA81E851} = {4591A326-3B52-4EE8-A069-15FDB4582FF8}
		{13261882-37F2-414A-AF1F-F00400AA3EB5} = {4591A326-3B52-4EE8-A069-15FDB4582FF8}
	EndGlobalSection
	GlobalSection(ExtensibilityGlobals) = postSolution
		SolutionGuid = {83AFB3A3-FBD5-48C1-81DB-FE8A64711C14}
	EndGlobalSection
EndGlobal
